
Microsoft Visual Studio Solution File, Format Version 12.00
# Visual Studio 15
VisualStudioVersion = 15.0.26730.10
MinimumVisualStudioVersion = 10.0.40219.1
Project("{FAE04EC0-301F-11D3-BF4B-00C04F79EFBC}") = "Compliant.Barcode", "Compliant.Barcode\Compliant.Barcode.csproj", "{FA2C6C31-E1CC-4975-8F94-B5DA5DD4A440}"
EndProject
Global
	GlobalSection(SolutionConfigurationPlatforms) = preSolution
		Debug|Any CPU = Debug|Any CPU
		Release|Any CPU = Release|Any CPU
	EndGlobalSection
	GlobalSection(ProjectConfigurationPlatforms) = postSolution
		{FA2C6C31-E1CC-4975-8F94-B5DA5DD4A440}.Debug|Any CPU.ActiveCfg = Debug|Any CPU
		{FA2C6C31-E1CC-4975-8F94-B5DA5DD4A440}.Debug|Any CPU.Build.0 = Debug|Any CPU
		{FA2C6C31-E1CC-4975-8F94-B5DA5DD4A440}.Release|Any CPU.ActiveCfg = Release|Any CPU
		{FA2C6C31-E1CC-4975-8F94-B5DA5DD4A440}.Release|Any CPU.Build.0 = Release|Any CPU
	EndGlobalSection
	GlobalSection(SolutionProperties) = preSolution
		HideSolutionNode = FALSE
	EndGlobalSection
	GlobalSection(ExtensibilityGlobals) = postSolution
		SolutionGuid = {F17B2489-1B14-41B4-9709-EE1EFB28C0C1}
	EndGlobalSection
EndGlobal
